
Microsoft Visual Studio Solution File, Format Version 12.00
# Visual Studio Version 16
VisualStudioVersion = 16.0.32407.337
MinimumVisualStudioVersion = 10.0.40219.1
Project("{FAE04EC0-301F-11D3-BF4B-00C04F79EFBC}") = "curso.api", "curso.api\curso.api.csproj", "{5F8C7060-03ED-4FB8-9CD7-472EFBA82E1C}"
EndProject
Global
	GlobalSection(SolutionConfigurationPlatforms) = preSolution
		Debug|Any CPU = Debug|Any CPU
		Release|Any CPU = Release|Any CPU
	EndGlobalSection
	GlobalSection(ProjectConfigurationPlatforms) = postSolution
		{5F8C7060-03ED-4FB8-9CD7-472EFBA82E1C}.Debug|Any CPU.ActiveCfg = Debug|Any CPU
		{5F8C7060-03ED-4FB8-9CD7-472EFBA82E1C}.Debug|Any CPU.Build.0 = Debug|Any CPU
		{5F8C7060-03ED-4FB8-9CD7-472EFBA82E1C}.Release|Any CPU.ActiveCfg = Release|Any CPU
		{5F8C7060-03ED-4FB8-9CD7-472EFBA82E1C}.Release|Any CPU.Build.0 = Release|Any CPU
	EndGlobalSection
	GlobalSection(SolutionProperties) = preSolution
		HideSolutionNode = FALSE
	EndGlobalSection
	GlobalSection(ExtensibilityGlobals) = postSolution
		SolutionGuid = {674412FC-8184-4A91-9A17-115AF0211CC1}
	EndGlobalSection
EndGlobal
